PODS:
  - DBProfileViewController (2.0.3):
    - FXBlurView (~> 1.6.4)
  - FXBlurView (1.6.4)

DEPENDENCIES:
  - DBProfileViewController (from `../`)
  - FXBlurView (~> 1.6.4)

EXTERNAL SOURCES:
  DBProfileViewController:
    :path: ../

SPEC CHECKSUMS:
  DBProfileViewController: 68a16d93d03ba8d8b5055e88273e4f2f9a0755cb
  FXBlurView: db786c2561cb49a09ae98407f52460096ab8a44f

COCOAPODS: 0.39.0
