PODS:
  - DBProfileViewController (2.0.2):
    - FXBlurView (~> 1.6.4)
  - FXBlurView (1.6.4)

DEPENDENCIES:
  - DBProfileViewController (from `../`)
  - FXBlurView (~> 1.6.4)

EXTERNAL SOURCES:
  DBProfileViewController:
    :path: ../

SPEC CHECKSUMS:
  DBProfileViewController: a2da39408911b0a732ac04512e999468d39f0802
  FXBlurView: db786c2561cb49a09ae98407f52460096ab8a44f

COCOAPODS: 0.39.0
